
Microsoft Visual Studio Solution File, Format Version 12.00
# Visual Studio Version 16
VisualStudioVersion = 16.0.31624.102
MinimumVisualStudioVersion = 10.0.40219.1
Project("{9A19103F-16F7-4668-BE54-9A1E7A4F7556}") = "Vinyl", "DiscordBot\Vinyl.csproj", "{A2C50DB3-7BB3-43E6-9AC2-D71FF9851D01}"
EndProject
Global
	GlobalSection(SolutionConfigurationPlatforms) = preSolution
		Debug|Any CPU = Debug|Any CPU
		Release|Any CPU = Release|Any CPU
	EndGlobalSection
	GlobalSection(ProjectConfigurationPlatforms) = postSolution
		{A2C50DB3-7BB3-43E6-9AC2-D71FF9851D01}.Debug|Any CPU.ActiveCfg = Debug|Any CPU
		{A2C50DB3-7BB3-43E6-9AC2-D71FF9851D01}.Debug|Any CPU.Build.0 = Debug|Any CPU
		{A2C50DB3-7BB3-43E6-9AC2-D71FF9851D01}.Release|Any CPU.ActiveCfg = Release|Any CPU
		{A2C50DB3-7BB3-43E6-9AC2-D71FF9851D01}.Release|Any CPU.Build.0 = Release|Any CPU
	EndGlobalSection
	GlobalSection(SolutionProperties) = preSolution
		HideSolutionNode = FALSE
	EndGlobalSection
	GlobalSection(ExtensibilityGlobals) = postSolution
		SolutionGuid = {A41AF15C-790D-4232-81AF-690B6E31C6A7}
	EndGlobalSection
EndGlobal
